{
  "name": "crud-builder",
  "version": "1.0.0",
  "lockfileVersion": 1,
  "requires": true,
  "dependencies": {
    "fvi-js-validator": {
      "version": "0.0.7",
      "resolved": "https://registry.npmjs.org/fvi-js-validator/-/fvi-js-validator-0.0.7.tgz",
      "integrity": "sha512-EklYfVbAxxRRqWmRQIQlEt/Lknnordu8yUSGSB8UWBvpyCPphuvwCs2SRQ9O0K/EUY3gD/yH6OpzHbLWIuMeWA=="
    },
    "fvi-prettier-config": {
      "version": "0.0.2",
      "resolved": "https://registry.npmjs.org/fvi-prettier-config/-/fvi-prettier-config-0.0.2.tgz",
      "integrity": "sha512-/H+QHS2BmamKGhIIHdj6HLYo2/Rf0APGvFvA1Iw7bioK5AN51oawS/WCOLnex2OSQpDNmGyPzZ39yVL8hEvgCw==",
      "requires": {
        "prettier": "^2.4.1"
      }
    },
    "prettier": {
      "version": "2.4.1",
      "resolved": "https://registry.npmjs.org/prettier/-/prettier-2.4.1.tgz",
      "integrity": "sha512-9fbDAXSBcc6Bs1mZrDYb3XKzDLm4EXXL9sC1LqKP5rZkT6KRr/rf9amVUcODVXgguK/isJz0d0hP72WeaKWsvA=="
    }
  }
}
